// !$*UTF8*$!
{
	archiveVersion = 1;
	classes = {
	};
	objectVersion = 50;
	objects = {

/* Begin PBXBuildFile section */
		4B852B34A79732953C17CB9B /* Pods_ScalableGitHubTest.framework in Frameworks */ = {isa = PBXBuildFile; fileRef = A2D5810E464EFB5AACCBFD6B /* Pods_ScalableGitHubTest.framework */; };
		B7595AA920AE5B7A00972E1F /* AppDelegate.swift in Sources */ = {isa = PBXBuildFile; fileRef = B7595AA820AE5B7A00972E1F /* AppDelegate.swift */; };
		B7595AAB20AE5B7A00972E1F /* MainViewController.swift in Sources */ = {isa = PBXBuildFile; fileRef = B7595AAA20AE5B7A00972E1F /* MainViewController.swift */; };
		B7595AAE20AE5B7A00972E1F /* Main.storyboard in Resources */ = {isa = PBXBuildFile; fileRef = B7595AAC20AE5B7A00972E1F /* Main.storyboard */; };
		B7595AB020AE5B7B00972E1F /* Assets.xcassets in Resources */ = {isa = PBXBuildFile; fileRef = B7595AAF20AE5B7B00972E1F /* Assets.xcassets */; };
		B7595AB320AE5B7B00972E1F /* LaunchScreen.storyboard in Resources */ = {isa = PBXBuildFile; fileRef = B7595AB120AE5B7B00972E1F /* LaunchScreen.storyboard */; };
		B7595AC320AE5D9800972E1F /* BaseViewModel.swift in Sources */ = {isa = PBXBuildFile; fileRef = B7595AC220AE5D9800972E1F /* BaseViewModel.swift */; };
		B7595AC620AE5DA900972E1F /* ReposViewModel.swift in Sources */ = {isa = PBXBuildFile; fileRef = B7595AC520AE5DA900972E1F /* ReposViewModel.swift */; };
		B7595ACA20AE5DC600972E1F /* RepoModel.swift in Sources */ = {isa = PBXBuildFile; fileRef = B7595AC920AE5DC600972E1F /* RepoModel.swift */; };
		B7595ACC20AE5DD600972E1F /* OwnerModel.swift in Sources */ = {isa = PBXBuildFile; fileRef = B7595ACB20AE5DD600972E1F /* OwnerModel.swift */; };
		B7595ACE20AE5DE100972E1F /* LicenseModel.swift in Sources */ = {isa = PBXBuildFile; fileRef = B7595ACD20AE5DE100972E1F /* LicenseModel.swift */; };
		B7595AD020AE5DF000972E1F /* CommitDataModel.swift in Sources */ = {isa = PBXBuildFile; fileRef = B7595ACF20AE5DF000972E1F /* CommitDataModel.swift */; };
		B7595AD220AE5DF900972E1F /* CommitModel.swift in Sources */ = {isa = PBXBuildFile; fileRef = B7595AD120AE5DF900972E1F /* CommitModel.swift */; };
		B7595AD420AE5E0500972E1F /* AuthorModel.swift in Sources */ = {isa = PBXBuildFile; fileRef = B7595AD320AE5E0500972E1F /* AuthorModel.swift */; };
		B7595AD620AE5E0F00972E1F /* ParentModel.swift in Sources */ = {isa = PBXBuildFile; fileRef = B7595AD520AE5E0F00972E1F /* ParentModel.swift */; };
		B7595AD820AE5E1C00972E1F /* CommitAuthorModel.swift in Sources */ = {isa = PBXBuildFile; fileRef = B7595AD720AE5E1C00972E1F /* CommitAuthorModel.swift */; };
		B7595ADA20AE5E2800972E1F /* VerificationModel.swift in Sources */ = {isa = PBXBuildFile; fileRef = B7595AD920AE5E2800972E1F /* VerificationModel.swift */; };
		B7595ADC20AE5E3200972E1F /* TreeModel.swift in Sources */ = {isa = PBXBuildFile; fileRef = B7595ADB20AE5E3200972E1F /* TreeModel.swift */; };
		B7595ADE20AE5E3D00972E1F /* ErrorModel.swift in Sources */ = {isa = PBXBuildFile; fileRef = B7595ADD20AE5E3D00972E1F /* ErrorModel.swift */; };
		B7595AE120AE5F3400972E1F /* ErrorTypeEnum.swift in Sources */ = {isa = PBXBuildFile; fileRef = B7595AE020AE5F3400972E1F /* ErrorTypeEnum.swift */; };
		B7595AE320AE653300972E1F /* RealmManager_ReposViewModelExtension.swift in Sources */ = {isa = PBXBuildFile; fileRef = B7595AE220AE653300972E1F /* RealmManager_ReposViewModelExtension.swift */; };
		B7595AE520AE656F00972E1F /* API.swift in Sources */ = {isa = PBXBuildFile; fileRef = B7595AE420AE656F00972E1F /* API.swift */; };
		B7595AE720AE660700972E1F /* ReposViewModelDelegate_MainViewModelExtension.swift in Sources */ = {isa = PBXBuildFile; fileRef = B7595AE620AE660700972E1F /* ReposViewModelDelegate_MainViewModelExtension.swift */; };
		B7595AEA20AE672C00972E1F /* CommitsViewModel.swift in Sources */ = {isa = PBXBuildFile; fileRef = B7595AE920AE672C00972E1F /* CommitsViewModel.swift */; };
		B7595AED20AE69CA00972E1F /* RefreshControl_MainViewControllerExtension.swift in Sources */ = {isa = PBXBuildFile; fileRef = B7595AEC20AE69CA00972E1F /* RefreshControl_MainViewControllerExtension.swift */; };
		B7595AEF20AE6A1800972E1F /* TableViewDelegate+DataSource_MainViewControllerExtension.swift in Sources */ = {isa = PBXBuildFile; fileRef = B7595AEE20AE6A1800972E1F /* TableViewDelegate+DataSource_MainViewControllerExtension.swift */; };
/* End PBXBuildFile section */

/* Begin PBXFileReference section */
		A2D5810E464EFB5AACCBFD6B /* Pods_ScalableGitHubTest.framework */ = {isa = PBXFileReference; explicitFileType = wrapper.framework; includeInIndex = 0; path = Pods_ScalableGitHubTest.framework; sourceTree = BUILT_PRODUCTS_DIR; };
		B7595AA520AE5B7A00972E1F /* ScalableGitHubTest.app */ = {isa = PBXFileReference; explicitFileType = wrapper.application; includeInIndex = 0; path = ScalableGitHubTest.app; sourceTree = BUILT_PRODUCTS_DIR; };
		B7595AA820AE5B7A00972E1F /* AppDelegate.swift */ = {isa = PBXFileReference; lastKnownFileType = sourcecode.swift; path = AppDelegate.swift; sourceTree = "<group>"; };
		B7595AAA20AE5B7A00972E1F /* MainViewController.swift */ = {isa = PBXFileReference; lastKnownFileType = sourcecode.swift; path = MainViewController.swift; sourceTree = "<group>"; };
		B7595AAD20AE5B7A00972E1F /* Base */ = {isa = PBXFileReference; lastKnownFileType = file.storyboard; name = Base; path = Base.lproj/Main.storyboard; sourceTree = "<group>"; };
		B7595AAF20AE5B7B00972E1F /* Assets.xcassets */ = {isa = PBXFileReference; lastKnownFileType = folder.assetcatalog; path = Assets.xcassets; sourceTree = "<group>"; };
		B7595AB220AE5B7B00972E1F /* Base */ = {isa = PBXFileReference; lastKnownFileType = file.storyboard; name = Base; path = Base.lproj/LaunchScreen.storyboard; sourceTree = "<group>"; };
		B7595AB420AE5B7B00972E1F /* Info.plist */ = {isa = PBXFileReference; lastKnownFileType = text.plist.xml; path = Info.plist; sourceTree = "<group>"; };
		B7595AC220AE5D9800972E1F /* BaseViewModel.swift */ = {isa = PBXFileReference; lastKnownFileType = sourcecode.swift; path = BaseViewModel.swift; sourceTree = "<group>"; };
		B7595AC520AE5DA900972E1F /* ReposViewModel.swift */ = {isa = PBXFileReference; lastKnownFileType = sourcecode.swift; path = ReposViewModel.swift; sourceTree = "<group>"; };
		B7595AC920AE5DC600972E1F /* RepoModel.swift */ = {isa = PBXFileReference; lastKnownFileType = sourcecode.swift; path = RepoModel.swift; sourceTree = "<group>"; };
		B7595ACB20AE5DD600972E1F /* OwnerModel.swift */ = {isa = PBXFileReference; lastKnownFileType = sourcecode.swift; path = OwnerModel.swift; sourceTree = "<group>"; };
		B7595ACD20AE5DE100972E1F /* LicenseModel.swift */ = {isa = PBXFileReference; lastKnownFileType = sourcecode.swift; path = LicenseModel.swift; sourceTree = "<group>"; };
		B7595ACF20AE5DF000972E1F /* CommitDataModel.swift */ = {isa = PBXFileReference; lastKnownFileType = sourcecode.swift; path = CommitDataModel.swift; sourceTree = "<group>"; };
		B7595AD120AE5DF900972E1F /* CommitModel.swift */ = {isa = PBXFileReference; lastKnownFileType = sourcecode.swift; path = CommitModel.swift; sourceTree = "<group>"; };
		B7595AD320AE5E0500972E1F /* AuthorModel.swift */ = {isa = PBXFileReference; lastKnownFileType = sourcecode.swift; path = AuthorModel.swift; sourceTree = "<group>"; };
		B7595AD520AE5E0F00972E1F /* ParentModel.swift */ = {isa = PBXFileReference; lastKnownFileType = sourcecode.swift; path = ParentModel.swift; sourceTree = "<group>"; };
		B7595AD720AE5E1C00972E1F /* CommitAuthorModel.swift */ = {isa = PBXFileReference; lastKnownFileType = sourcecode.swift; path = CommitAuthorModel.swift; sourceTree = "<group>"; };
		B7595AD920AE5E2800972E1F /* VerificationModel.swift */ = {isa = PBXFileReference; lastKnownFileType = sourcecode.swift; path = VerificationModel.swift; sourceTree = "<group>"; };
		B7595ADB20AE5E3200972E1F /* TreeModel.swift */ = {isa = PBXFileReference; lastKnownFileType = sourcecode.swift; path = TreeModel.swift; sourceTree = "<group>"; };
		B7595ADD20AE5E3D00972E1F /* ErrorModel.swift */ = {isa = PBXFileReference; lastKnownFileType = sourcecode.swift; path = ErrorModel.swift; sourceTree = "<group>"; };
		B7595AE020AE5F3400972E1F /* ErrorTypeEnum.swift */ = {isa = PBXFileReference; lastKnownFileType = sourcecode.swift; path = ErrorTypeEnum.swift; sourceTree = "<group>"; };
		B7595AE220AE653300972E1F /* RealmManager_ReposViewModelExtension.swift */ = {isa = PBXFileReference; lastKnownFileType = sourcecode.swift; path = RealmManager_ReposViewModelExtension.swift; sourceTree = "<group>"; };
		B7595AE420AE656F00972E1F /* API.swift */ = {isa = PBXFileReference; lastKnownFileType = sourcecode.swift; path = API.swift; sourceTree = "<group>"; };
		B7595AE620AE660700972E1F /* ReposViewModelDelegate_MainViewModelExtension.swift */ = {isa = PBXFileReference; lastKnownFileType = sourcecode.swift; path = ReposViewModelDelegate_MainViewModelExtension.swift; sourceTree = "<group>"; };
		B7595AE920AE672C00972E1F /* CommitsViewModel.swift */ = {isa = PBXFileReference; lastKnownFileType = sourcecode.swift; path = CommitsViewModel.swift; sourceTree = "<group>"; };
		B7595AEC20AE69CA00972E1F /* RefreshControl_MainViewControllerExtension.swift */ = {isa = PBXFileReference; lastKnownFileType = sourcecode.swift; path = RefreshControl_MainViewControllerExtension.swift; sourceTree = "<group>"; };
		B7595AEE20AE6A1800972E1F /* TableViewDelegate+DataSource_MainViewControllerExtension.swift */ = {isa = PBXFileReference; lastKnownFileType = sourcecode.swift; path = "TableViewDelegate+DataSource_MainViewControllerExtension.swift"; sourceTree = "<group>"; };
		D1654A794E8A8143CD7A977B /* Pods-ScalableGitHubTest.debug.xcconfig */ = {isa = PBXFileReference; includeInIndex = 1; lastKnownFileType = text.xcconfig; name = "Pods-ScalableGitHubTest.debug.xcconfig"; path = "Pods/Target Support Files/Pods-ScalableGitHubTest/Pods-ScalableGitHubTest.debug.xcconfig"; sourceTree = "<group>"; };
		DA8A9ABC37D6915F986FE112 /* Pods-ScalableGitHubTest.release.xcconfig */ = {isa = PBXFileReference; includeInIndex = 1; lastKnownFileType = text.xcconfig; name = "Pods-ScalableGitHubTest.release.xcconfig"; path = "Pods/Target Support Files/Pods-ScalableGitHubTest/Pods-ScalableGitHubTest.release.xcconfig"; sourceTree = "<group>"; };
/* End PBXFileReference section */

/* Begin PBXFrameworksBuildPhase section */
		B7595AA220AE5B7A00972E1F /* Frameworks */ = {
			isa = PBXFrameworksBuildPhase;
			buildActionMask = 2147483647;
			files = (
				4B852B34A79732953C17CB9B /* Pods_ScalableGitHubTest.framework in Frameworks */,
			);
			runOnlyForDeploymentPostprocessing = 0;
		};
/* End PBXFrameworksBuildPhase section */

/* Begin PBXGroup section */
		6023B505D81474FD7AA13C30 /* Frameworks */ = {
			isa = PBXGroup;
			children = (
				A2D5810E464EFB5AACCBFD6B /* Pods_ScalableGitHubTest.framework */,
			);
			name = Frameworks;
			sourceTree = "<group>";
		};
		91D94ACF47239C3D7CB4FDCF /* Pods */ = {
			isa = PBXGroup;
			children = (
				D1654A794E8A8143CD7A977B /* Pods-ScalableGitHubTest.debug.xcconfig */,
				DA8A9ABC37D6915F986FE112 /* Pods-ScalableGitHubTest.release.xcconfig */,
			);
			name = Pods;
			sourceTree = "<group>";
		};
		B7595A9C20AE5B7900972E1F = {
			isa = PBXGroup;
			children = (
				B7595AA720AE5B7A00972E1F /* ScalableGitHubTest */,
				B7595AA620AE5B7A00972E1F /* Products */,
				91D94ACF47239C3D7CB4FDCF /* Pods */,
				6023B505D81474FD7AA13C30 /* Frameworks */,
			);
			sourceTree = "<group>";
		};
		B7595AA620AE5B7A00972E1F /* Products */ = {
			isa = PBXGroup;
			children = (
				B7595AA520AE5B7A00972E1F /* ScalableGitHubTest.app */,
			);
			name = Products;
			sourceTree = "<group>";
		};
		B7595AA720AE5B7A00972E1F /* ScalableGitHubTest */ = {
			isa = PBXGroup;
			children = (
				B7595ABF20AE5C4A00972E1F /* CustomControls */,
				B7595ABE20AE5BD300972E1F /* Helpers */,
				B7595ABC20AE5BC500972E1F /* ViewModels */,
				B7595ABB20AE5BBB00972E1F /* ViewControllers */,
				B7595ABD20AE5BCB00972E1F /* Models */,
				B7595AA820AE5B7A00972E1F /* AppDelegate.swift */,
				B7595AAC20AE5B7A00972E1F /* Main.storyboard */,
				B7595AAF20AE5B7B00972E1F /* Assets.xcassets */,
				B7595AB120AE5B7B00972E1F /* LaunchScreen.storyboard */,
				B7595AB420AE5B7B00972E1F /* Info.plist */,
			);
			path = ScalableGitHubTest;
			sourceTree = "<group>";
		};
		B7595ABB20AE5BBB00972E1F /* ViewControllers */ = {
			isa = PBXGroup;
			children = (
				B7595AC020AE5D6900972E1F /* MainViewController */,
			);
			path = ViewControllers;
			sourceTree = "<group>";
		};
		B7595ABC20AE5BC500972E1F /* ViewModels */ = {
			isa = PBXGroup;
			children = (
				B7595AE820AE671D00972E1F /* CommitsViewModel */,
				B7595AC420AE5D9B00972E1F /* ReposViewModel */,
				B7595AC220AE5D9800972E1F /* BaseViewModel.swift */,
			);
			path = ViewModels;
			sourceTree = "<group>";
		};
		B7595ABD20AE5BCB00972E1F /* Models */ = {
			isa = PBXGroup;
			children = (
				B7595AC920AE5DC600972E1F /* RepoModel.swift */,
				B7595ACB20AE5DD600972E1F /* OwnerModel.swift */,
				B7595ACD20AE5DE100972E1F /* LicenseModel.swift */,
				B7595ACF20AE5DF000972E1F /* CommitDataModel.swift */,
				B7595AD120AE5DF900972E1F /* CommitModel.swift */,
				B7595AD320AE5E0500972E1F /* AuthorModel.swift */,
				B7595AD520AE5E0F00972E1F /* ParentModel.swift */,
				B7595AD720AE5E1C00972E1F /* CommitAuthorModel.swift */,
				B7595AD920AE5E2800972E1F /* VerificationModel.swift */,
				B7595ADB20AE5E3200972E1F /* TreeModel.swift */,
				B7595ADD20AE5E3D00972E1F /* ErrorModel.swift */,
			);
			path = Models;
			sourceTree = "<group>";
		};
		B7595ABE20AE5BD300972E1F /* Helpers */ = {
			isa = PBXGroup;
			children = (
				B7595ADF20AE5F2500972E1F /* Enums */,
				B7595AE420AE656F00972E1F /* API.swift */,
			);
			path = Helpers;
			sourceTree = "<group>";
		};
		B7595ABF20AE5C4A00972E1F /* CustomControls */ = {
			isa = PBXGroup;
			children = (
				B7595AC820AE5DB600972E1F /* TableViewCells */,
			);
			path = CustomControls;
			sourceTree = "<group>";
		};
		B7595AC020AE5D6900972E1F /* MainViewController */ = {
			isa = PBXGroup;
			children = (
				B7595AC120AE5D7300972E1F /* Extensions */,
				B7595AAA20AE5B7A00972E1F /* MainViewController.swift */,
			);
			path = MainViewController;
			sourceTree = "<group>";
		};
		B7595AC120AE5D7300972E1F /* Extensions */ = {
			isa = PBXGroup;
			children = (
				B7595AE620AE660700972E1F /* ReposViewModelDelegate_MainViewModelExtension.swift */,
				B7595AEC20AE69CA00972E1F /* RefreshControl_MainViewControllerExtension.swift */,
				B7595AEE20AE6A1800972E1F /* TableViewDelegate+DataSource_MainViewControllerExtension.swift */,
			);
			path = Extensions;
			sourceTree = "<group>";
		};
		B7595AC420AE5D9B00972E1F /* ReposViewModel */ = {
			isa = PBXGroup;
			children = (
				B7595AC720AE5DAB00972E1F /* Extensions */,
				B7595AC520AE5DA900972E1F /* ReposViewModel.swift */,
			);
			path = ReposViewModel;
			sourceTree = "<group>";
		};
		B7595AC720AE5DAB00972E1F /* Extensions */ = {
			isa = PBXGroup;
			children = (
				B7595AE220AE653300972E1F /* RealmManager_ReposViewModelExtension.swift */,
			);
			path = Extensions;
			sourceTree = "<group>";
		};
		B7595AC820AE5DB600972E1F /* TableViewCells */ = {
			isa = PBXGroup;
			children = (
			);
			path = TableViewCells;
			sourceTree = "<group>";
		};
		B7595ADF20AE5F2500972E1F /* Enums */ = {
			isa = PBXGroup;
			children = (
				B7595AE020AE5F3400972E1F /* ErrorTypeEnum.swift */,
			);
			path = Enums;
			sourceTree = "<group>";
		};
		B7595AE820AE671D00972E1F /* CommitsViewModel */ = {
			isa = PBXGroup;
			children = (
				B7595AEB20AE672F00972E1F /* Extensions */,
				B7595AE920AE672C00972E1F /* CommitsViewModel.swift */,
			);
			path = CommitsViewModel;
			sourceTree = "<group>";
		};
		B7595AEB20AE672F00972E1F /* Extensions */ = {
			isa = PBXGroup;
			children = (
			);
			path = Extensions;
			sourceTree = "<group>";
		};
/* End PBXGroup section */

/* Begin PBXNativeTarget section */
		B7595AA420AE5B7A00972E1F /* ScalableGitHubTest */ = {
			isa = PBXNativeTarget;
			buildConfigurationList = B7595AB720AE5B7B00972E1F /* Build configuration list for PBXNativeTarget "ScalableGitHubTest" */;
			buildPhases = (
				6335F331090014B842022B34 /* [CP] Check Pods Manifest.lock */,
				B7595AA120AE5B7A00972E1F /* Sources */,
				B7595AA220AE5B7A00972E1F /* Frameworks */,
				B7595AA320AE5B7A00972E1F /* Resources */,
				B35669AFE641A0F2A039F160 /* [CP] Embed Pods Frameworks */,
			);
			buildRules = (
			);
			dependencies = (
			);
			name = ScalableGitHubTest;
			productName = ScalableGitHubTest;
			productReference = B7595AA520AE5B7A00972E1F /* ScalableGitHubTest.app */;
			productType = "com.apple.product-type.application";
		};
/* End PBXNativeTarget section */

/* Begin PBXProject section */
		B7595A9D20AE5B7900972E1F /* Project object */ = {
			isa = PBXProject;
			attributes = {
				LastSwiftUpdateCheck = 0930;
				LastUpgradeCheck = 0930;
				ORGANIZATIONNAME = dotZul;
				TargetAttributes = {
					B7595AA420AE5B7A00972E1F = {
						CreatedOnToolsVersion = 9.3;
					};
				};
			};
			buildConfigurationList = B7595AA020AE5B7900972E1F /* Build configuration list for PBXProject "ScalableGitHubTest" */;
			compatibilityVersion = "Xcode 9.3";
			developmentRegion = en;
			hasScannedForEncodings = 0;
			knownRegions = (
				en,
				Base,
			);
			mainGroup = B7595A9C20AE5B7900972E1F;
			productRefGroup = B7595AA620AE5B7A00972E1F /* Products */;
			projectDirPath = "";
			projectRoot = "";
			targets = (
				B7595AA420AE5B7A00972E1F /* ScalableGitHubTest */,
			);
		};
/* End PBXProject section */

/* Begin PBXResourcesBuildPhase section */
		B7595AA320AE5B7A00972E1F /* Resources */ = {
			isa = PBXResourcesBuildPhase;
			buildActionMask = 2147483647;
			files = (
				B7595AB320AE5B7B00972E1F /* LaunchScreen.storyboard in Resources */,
				B7595AB020AE5B7B00972E1F /* Assets.xcassets in Resources */,
				B7595AAE20AE5B7A00972E1F /* Main.storyboard in Resources */,
			);
			runOnlyForDeploymentPostprocessing = 0;
		};
/* End PBXResourcesBuildPhase section */

/* Begin PBXShellScriptBuildPhase section */
		6335F331090014B842022B34 /* [CP] Check Pods Manifest.lock */ = {
			isa = PBXShellScriptBuildPhase;
			buildActionMask = 2147483647;
			files = (
			);
			inputPaths = (
				"${PODS_PODFILE_DIR_PATH}/Podfile.lock",
				"${PODS_ROOT}/Manifest.lock",
			);
			name = "[CP] Check Pods Manifest.lock";
			outputPaths = (
				"$(DERIVED_FILE_DIR)/Pods-ScalableGitHubTest-checkManifestLockResult.txt",
			);
			runOnlyForDeploymentPostprocessing = 0;
			shellPath = /bin/sh;
			shellScript = "diff \"${PODS_PODFILE_DIR_PATH}/Podfile.lock\" \"${PODS_ROOT}/Manifest.lock\" > /dev/null\nif [ $? != 0 ] ; then\n    # print error to STDERR\n    echo \"error: The sandbox is not in sync with the Podfile.lock. Run 'pod install' or update your CocoaPods installation.\" >&2\n    exit 1\nfi\n# This output is used by Xcode 'outputs' to avoid re-running this script phase.\necho \"SUCCESS\" > \"${SCRIPT_OUTPUT_FILE_0}\"\n";
			showEnvVarsInLog = 0;
		};
		B35669AFE641A0F2A039F160 /* [CP] Embed Pods Frameworks */ = {
			isa = PBXShellScriptBuildPhase;
			buildActionMask = 2147483647;
			files = (
			);
			inputPaths = (
				"${SRCROOT}/Pods/Target Support Files/Pods-ScalableGitHubTest/Pods-ScalableGitHubTest-frameworks.sh",
				"${BUILT_PRODUCTS_DIR}/Realm/Realm.framework",
				"${BUILT_PRODUCTS_DIR}/RealmSwift/RealmSwift.framework",
			);
			name = "[CP] Embed Pods Frameworks";
			outputPaths = (
				"${TARGET_BUILD_DIR}/${FRAMEWORKS_FOLDER_PATH}/Realm.framework",
				"${TARGET_BUILD_DIR}/${FRAMEWORKS_FOLDER_PATH}/RealmSwift.framework",
			);
			runOnlyForDeploymentPostprocessing = 0;
			shellPath = /bin/sh;
			shellScript = "\"${SRCROOT}/Pods/Target Support Files/Pods-ScalableGitHubTest/Pods-ScalableGitHubTest-frameworks.sh\"\n";
			showEnvVarsInLog = 0;
		};
/* End PBXShellScriptBuildPhase section */

/* Begin PBXSourcesBuildPhase section */
		B7595AA120AE5B7A00972E1F /* Sources */ = {
			isa = PBXSourcesBuildPhase;
			buildActionMask = 2147483647;
			files = (
				B7595ADE20AE5E3D00972E1F /* ErrorModel.swift in Sources */,
				B7595AEA20AE672C00972E1F /* CommitsViewModel.swift in Sources */,
				B7595AED20AE69CA00972E1F /* RefreshControl_MainViewControllerExtension.swift in Sources */,
				B7595AD220AE5DF900972E1F /* CommitModel.swift in Sources */,
				B7595AC620AE5DA900972E1F /* ReposViewModel.swift in Sources */,
				B7595AE320AE653300972E1F /* RealmManager_ReposViewModelExtension.swift in Sources */,
				B7595AAB20AE5B7A00972E1F /* MainViewController.swift in Sources */,
				B7595AD820AE5E1C00972E1F /* CommitAuthorModel.swift in Sources */,
				B7595AA920AE5B7A00972E1F /* AppDelegate.swift in Sources */,
				B7595AD620AE5E0F00972E1F /* ParentModel.swift in Sources */,
				B7595ACC20AE5DD600972E1F /* OwnerModel.swift in Sources */,
				B7595AEF20AE6A1800972E1F /* TableViewDelegate+DataSource_MainViewControllerExtension.swift in Sources */,
				B7595AD020AE5DF000972E1F /* CommitDataModel.swift in Sources */,
				B7595AD420AE5E0500972E1F /* AuthorModel.swift in Sources */,
				B7595ACA20AE5DC600972E1F /* RepoModel.swift in Sources */,
				B7595ACE20AE5DE100972E1F /* LicenseModel.swift in Sources */,
				B7595ADC20AE5E3200972E1F /* TreeModel.swift in Sources */,
				B7595ADA20AE5E2800972E1F /* VerificationModel.swift in Sources */,
				B7595AC320AE5D9800972E1F /* BaseViewModel.swift in Sources */,
				B7595AE520AE656F00972E1F /* API.swift in Sources */,
				B7595AE120AE5F3400972E1F /* ErrorTypeEnum.swift in Sources */,
				B7595AE720AE660700972E1F /* ReposViewModelDelegate_MainViewModelExtension.swift in Sources */,
			);
			runOnlyForDeploymentPostprocessing = 0;
		};
/* End PBXSourcesBuildPhase section */

/* Begin PBXVariantGroup section */
		B7595AAC20AE5B7A00972E1F /* Main.storyboard */ = {
			isa = PBXVariantGroup;
			children = (
				B7595AAD20AE5B7A00972E1F /* Base */,
			);
			name = Main.storyboard;
			sourceTree = "<group>";
		};
		B7595AB120AE5B7B00972E1F /* LaunchScreen.storyboard */ = {
			isa = PBXVariantGroup;
			children = (
				B7595AB220AE5B7B00972E1F /* Base */,
			);
			name = LaunchScreen.storyboard;
			sourceTree = "<group>";
		};
/* End PBXVariantGroup section */

/* Begin XCBuildConfiguration section */
		B7595AB520AE5B7B00972E1F /* Debug */ = {
			isa = XCBuildConfiguration;
			buildSettings = {
				ALWAYS_SEARCH_USER_PATHS = NO;
				CLANG_ANALYZER_NONNULL = YES;
				CLANG_ANALYZER_NUMBER_OBJECT_CONVERSION = YES_AGGRESSIVE;
				CLANG_CXX_LANGUAGE_STANDARD = "gnu++14";
				CLANG_CXX_LIBRARY = "libc++";
				CLANG_ENABLE_MODULES = YES;
				CLANG_ENABLE_OBJC_ARC = YES;
				CLANG_ENABLE_OBJC_WEAK = YES;
				CLANG_WARN_BLOCK_CAPTURE_AUTORELEASING = YES;
				CLANG_WARN_BOOL_CONVERSION = YES;
				CLANG_WARN_COMMA = YES;
				CLANG_WARN_CONSTANT_CONVERSION = YES;
				CLANG_WARN_DEPRECATED_OBJC_IMPLEMENTATIONS = YES;
				CLANG_WARN_DIRECT_OBJC_ISA_USAGE = YES_ERROR;
				CLANG_WARN_DOCUMENTATION_COMMENTS = YES;
				CLANG_WARN_EMPTY_BODY = YES;
				CLANG_WARN_ENUM_CONVERSION = YES;
				CLANG_WARN_INFINITE_RECURSION = YES;
				CLANG_WARN_INT_CONVERSION = YES;
				CLANG_WARN_NON_LITERAL_NULL_CONVERSION = YES;
				CLANG_WARN_OBJC_IMPLICIT_RETAIN_SELF = YES;
				CLANG_WARN_OBJC_LITERAL_CONVERSION = YES;
				CLANG_WARN_OBJC_ROOT_CLASS = YES_ERROR;
				CLANG_WARN_RANGE_LOOP_ANALYSIS = YES;
				CLANG_WARN_STRICT_PROTOTYPES = YES;
				CLANG_WARN_SUSPICIOUS_MOVE = YES;
				CLANG_WARN_UNGUARDED_AVAILABILITY = YES_AGGRESSIVE;
				CLANG_WARN_UNREACHABLE_CODE = YES;
				CLANG_WARN__DUPLICATE_METHOD_MATCH = YES;
				CODE_SIGN_IDENTITY = "iPhone Developer";
				COPY_PHASE_STRIP = NO;
				DEBUG_INFORMATION_FORMAT = dwarf;
				ENABLE_STRICT_OBJC_MSGSEND = YES;
				ENABLE_TESTABILITY = YES;
				GCC_C_LANGUAGE_STANDARD = gnu11;
				GCC_DYNAMIC_NO_PIC = NO;
				GCC_NO_COMMON_BLOCKS = YES;
				GCC_OPTIMIZATION_LEVEL = 0;
				GCC_PREPROCESSOR_DEFINITIONS = (
					"DEBUG=1",
					"$(inherited)",
				);
				GCC_WARN_64_TO_32_BIT_CONVERSION = YES;
				GCC_WARN_ABOUT_RETURN_TYPE = YES_ERROR;
				GCC_WARN_UNDECLARED_SELECTOR = YES;
				GCC_WARN_UNINITIALIZED_AUTOS = YES_AGGRESSIVE;
				GCC_WARN_UNUSED_FUNCTION = YES;
				GCC_WARN_UNUSED_VARIABLE = YES;
				IPHONEOS_DEPLOYMENT_TARGET = 11.3;
				MTL_ENABLE_DEBUG_INFO = YES;
				ONLY_ACTIVE_ARCH = YES;
				SDKROOT = iphoneos;
				SWIFT_ACTIVE_COMPILATION_CONDITIONS = DEBUG;
				SWIFT_OPTIMIZATION_LEVEL = "-Onone";
			};
			name = Debug;
		};
		B7595AB620AE5B7B00972E1F /* Release */ = {
			isa = XCBuildConfiguration;
			buildSettings = {
				ALWAYS_SEARCH_USER_PATHS = NO;
				CLANG_ANALYZER_NONNULL = YES;
				CLANG_ANALYZER_NUMBER_OBJECT_CONVERSION = YES_AGGRESSIVE;
				CLANG_CXX_LANGUAGE_STANDARD = "gnu++14";
				CLANG_CXX_LIBRARY = "libc++";
				CLANG_ENABLE_MODULES = YES;
				CLANG_ENABLE_OBJC_ARC = YES;
				CLANG_ENABLE_OBJC_WEAK = YES;
				CLANG_WARN_BLOCK_CAPTURE_AUTORELEASING = YES;
				CLANG_WARN_BOOL_CONVERSION = YES;
				CLANG_WARN_COMMA = YES;
				CLANG_WARN_CONSTANT_CONVERSION = YES;
				CLANG_WARN_DEPRECATED_OBJC_IMPLEMENTATIONS = YES;
				CLANG_WARN_DIRECT_OBJC_ISA_USAGE = YES_ERROR;
				CLANG_WARN_DOCUMENTATION_COMMENTS = YES;
				CLANG_WARN_EMPTY_BODY = YES;
				CLANG_WARN_ENUM_CONVERSION = YES;
				CLANG_WARN_INFINITE_RECURSION = YES;
				CLANG_WARN_INT_CONVERSION = YES;
				CLANG_WARN_NON_LITERAL_NULL_CONVERSION = YES;
				CLANG_WARN_OBJC_IMPLICIT_RETAIN_SELF = YES;
				CLANG_WARN_OBJC_LITERAL_CONVERSION = YES;
				CLANG_WARN_OBJC_ROOT_CLASS = YES_ERROR;
				CLANG_WARN_RANGE_LOOP_ANALYSIS = YES;
				CLANG_WARN_STRICT_PROTOTYPES = YES;
				CLANG_WARN_SUSPICIOUS_MOVE = YES;
				CLANG_WARN_UNGUARDED_AVAILABILITY = YES_AGGRESSIVE;
				CLANG_WARN_UNREACHABLE_CODE = YES;
				CLANG_WARN__DUPLICATE_METHOD_MATCH = YES;
				CODE_SIGN_IDENTITY = "iPhone Developer";
				COPY_PHASE_STRIP = NO;
				DEBUG_INFORMATION_FORMAT = "dwarf-with-dsym";
				ENABLE_NS_ASSERTIONS = NO;
				ENABLE_STRICT_OBJC_MSGSEND = YES;
				GCC_C_LANGUAGE_STANDARD = gnu11;
				GCC_NO_COMMON_BLOCKS = YES;
				GCC_WARN_64_TO_32_BIT_CONVERSION = YES;
				GCC_WARN_ABOUT_RETURN_TYPE = YES_ERROR;
				GCC_WARN_UNDECLARED_SELECTOR = YES;
				GCC_WARN_UNINITIALIZED_AUTOS = YES_AGGRESSIVE;
				GCC_WARN_UNUSED_FUNCTION = YES;
				GCC_WARN_UNUSED_VARIABLE = YES;
				IPHONEOS_DEPLOYMENT_TARGET = 11.3;
				MTL_ENABLE_DEBUG_INFO = NO;
				SDKROOT = iphoneos;
				SWIFT_COMPILATION_MODE = wholemodule;
				SWIFT_OPTIMIZATION_LEVEL = "-O";
				VALIDATE_PRODUCT = YES;
			};
			name = Release;
		};
		B7595AB820AE5B7B00972E1F /* Debug */ = {
			isa = XCBuildConfiguration;
			baseConfigurationReference = D1654A794E8A8143CD7A977B /* Pods-ScalableGitHubTest.debug.xcconfig */;
			buildSettings = {
				ASSETCATALOG_COMPILER_APPICON_NAME = AppIcon;
				CODE_SIGN_STYLE = Automatic;
				DEVELOPMENT_TEAM = 27NQ26B7N7;
				INFOPLIST_FILE = ScalableGitHubTest/Info.plist;
				IPHONEOS_DEPLOYMENT_TARGET = 10.0;
				LD_RUNPATH_SEARCH_PATHS = (
					"$(inherited)",
					"@executable_path/Frameworks",
				);
				PRODUCT_BUNDLE_IDENTIFIER = com.dotzul.ScalableGitHubTest;
				PRODUCT_NAME = "$(TARGET_NAME)";
				SWIFT_VERSION = 4.0;
				TARGETED_DEVICE_FAMILY = "1,2";
			};
			name = Debug;
		};
		B7595AB920AE5B7B00972E1F /* Release */ = {
			isa = XCBuildConfiguration;
			baseConfigurationReference = DA8A9ABC37D6915F986FE112 /* Pods-ScalableGitHubTest.release.xcconfig */;
			buildSettings = {
				ASSETCATALOG_COMPILER_APPICON_NAME = AppIcon;
				CODE_SIGN_STYLE = Automatic;
				DEVELOPMENT_TEAM = 27NQ26B7N7;
				INFOPLIST_FILE = ScalableGitHubTest/Info.plist;
				IPHONEOS_DEPLOYMENT_TARGET = 10.0;
				LD_RUNPATH_SEARCH_PATHS = (
					"$(inherited)",
					"@executable_path/Frameworks",
				);
				PRODUCT_BUNDLE_IDENTIFIER = com.dotzul.ScalableGitHubTest;
				PRODUCT_NAME = "$(TARGET_NAME)";
				SWIFT_VERSION = 4.0;
				TARGETED_DEVICE_FAMILY = "1,2";
			};
			name = Release;
		};
/* End XCBuildConfiguration section */

/* Begin XCConfigurationList section */
		B7595AA020AE5B7900972E1F /* Build configuration list for PBXProject "ScalableGitHubTest" */ = {
			isa = XCConfigurationList;
			buildConfigurations = (
				B7595AB520AE5B7B00972E1F /* Debug */,
				B7595AB620AE5B7B00972E1F /* Release */,
			);
			defaultConfigurationIsVisible = 0;
			defaultConfigurationName = Release;
		};
		B7595AB720AE5B7B00972E1F /* Build configuration list for PBXNativeTarget "ScalableGitHubTest" */ = {
			isa = XCConfigurationList;
			buildConfigurations = (
				B7595AB820AE5B7B00972E1F /* Debug */,
				B7595AB920AE5B7B00972E1F /* Release */,
			);
			defaultConfigurationIsVisible = 0;
			defaultConfigurationName = Release;
		};
/* End XCConfigurationList section */
	};
	rootObject = B7595A9D20AE5B7900972E1F /* Project object */;
}
